
Microsoft Visual Studio Solution File, Format Version 12.00
# Visual Studio Version 17
VisualStudioVersion = 17.5.002.0
MinimumVisualStudioVersion = 10.0.40219.1
Project("{9A19103F-16F7-4668-BE54-9A1E7A4F7556}") = "Solid_S", "Solid_S\Solid_S.csproj", "{4FD04C31-5FE9-439A-9F78-B900D5117ABB}"
EndProject
Project("{FAE04EC0-301F-11D3-BF4B-00C04F79EFBC}") = "Solid_O", "Solid_O\Solid_O.csproj", "{752074BA-BC84-4CFF-9486-4A4322E17798}"
EndProject
Project("{FAE04EC0-301F-11D3-BF4B-00C04F79EFBC}") = "Solid_L", "Solid_L\Solid_L.csproj", "{495E8098-9051-421D-9773-9736D7BA25B6}"
EndProject
Project("{FAE04EC0-301F-11D3-BF4B-00C04F79EFBC}") = "Solid_I", "Solid_I\Solid_I.csproj", "{C282C91C-03B9-4233-8160-041A81C510C7}"
EndProject
Project("{FAE04EC0-301F-11D3-BF4B-00C04F79EFBC}") = "Solid_D", "Solid_D\Solid_D.csproj", "{95C676B5-1128-4A1C-AAD9-E2613D8C30DB}"
EndProject
Project("{FAE04EC0-301F-11D3-BF4B-00C04F79EFBC}") = "Builder", "Builder\Builder.csproj", "{361C6285-19FC-483A-970D-40E314B62DBA}"
EndProject
Project("{FAE04EC0-301F-11D3-BF4B-00C04F79EFBC}") = "Factory", "Factory\Factory.csproj", "{E9413DFB-95F4-44A1-A5AB-CB4C07A6285A}"
EndProject
Project("{FAE04EC0-301F-11D3-BF4B-00C04F79EFBC}") = "DeepCopy", "DeepCopy\DeepCopy.csproj", "{ED7B4FE5-B973-4ADA-8A13-E478C9FB61E0}"
EndProject
Project("{FAE04EC0-301F-11D3-BF4B-00C04F79EFBC}") = "Singleton", "Singleton\Singleton.csproj", "{7361621E-B825-4A59-AF81-0C8F8BB37AD9}"
EndProject
Project("{2150E333-8FDC-42A3-9474-1A3956D46DE8}") = "Tests", "Tests", "{1C107E47-5F5A-4A28-B6EB-8D1A0D7DFF41}"
EndProject
Project("{FAE04EC0-301F-11D3-BF4B-00C04F79EFBC}") = "SingletonTests", "SingletonTests\SingletonTests.csproj", "{590873FA-0AB6-49CE-863B-EDB51672618B}"
EndProject
Global
	GlobalSection(SolutionConfigurationPlatforms) = preSolution
		Debug|Any CPU = Debug|Any CPU
		Release|Any CPU = Release|Any CPU
	EndGlobalSection
	GlobalSection(ProjectConfigurationPlatforms) = postSolution
		{4FD04C31-5FE9-439A-9F78-B900D5117ABB}.Debug|Any CPU.ActiveCfg = Debug|Any CPU
		{4FD04C31-5FE9-439A-9F78-B900D5117ABB}.Debug|Any CPU.Build.0 = Debug|Any CPU
		{4FD04C31-5FE9-439A-9F78-B900D5117ABB}.Release|Any CPU.ActiveCfg = Release|Any CPU
		{4FD04C31-5FE9-439A-9F78-B900D5117ABB}.Release|Any CPU.Build.0 = Release|Any CPU
		{752074BA-BC84-4CFF-9486-4A4322E17798}.Debug|Any CPU.ActiveCfg = Debug|Any CPU
		{752074BA-BC84-4CFF-9486-4A4322E17798}.Debug|Any CPU.Build.0 = Debug|Any CPU
		{752074BA-BC84-4CFF-9486-4A4322E17798}.Release|Any CPU.ActiveCfg = Release|Any CPU
		{752074BA-BC84-4CFF-9486-4A4322E17798}.Release|Any CPU.Build.0 = Release|Any CPU
		{495E8098-9051-421D-9773-9736D7BA25B6}.Debug|Any CPU.ActiveCfg = Debug|Any CPU
		{495E8098-9051-421D-9773-9736D7BA25B6}.Debug|Any CPU.Build.0 = Debug|Any CPU
		{495E8098-9051-421D-9773-9736D7BA25B6}.Release|Any CPU.ActiveCfg = Release|Any CPU
		{495E8098-9051-421D-9773-9736D7BA25B6}.Release|Any CPU.Build.0 = Release|Any CPU
		{C282C91C-03B9-4233-8160-041A81C510C7}.Debug|Any CPU.ActiveCfg = Debug|Any CPU
		{C282C91C-03B9-4233-8160-041A81C510C7}.Debug|Any CPU.Build.0 = Debug|Any CPU
		{C282C91C-03B9-4233-8160-041A81C510C7}.Release|Any CPU.ActiveCfg = Release|Any CPU
		{C282C91C-03B9-4233-8160-041A81C510C7}.Release|Any CPU.Build.0 = Release|Any CPU
		{95C676B5-1128-4A1C-AAD9-E2613D8C30DB}.Debug|Any CPU.ActiveCfg = Debug|Any CPU
		{95C676B5-1128-4A1C-AAD9-E2613D8C30DB}.Debug|Any CPU.Build.0 = Debug|Any CPU
		{95C676B5-1128-4A1C-AAD9-E2613D8C30DB}.Release|Any CPU.ActiveCfg = Release|Any CPU
		{95C676B5-1128-4A1C-AAD9-E2613D8C30DB}.Release|Any CPU.Build.0 = Release|Any CPU
		{361C6285-19FC-483A-970D-40E314B62DBA}.Debug|Any CPU.ActiveCfg = Debug|Any CPU
		{361C6285-19FC-483A-970D-40E314B62DBA}.Debug|Any CPU.Build.0 = Debug|Any CPU
		{361C6285-19FC-483A-970D-40E314B62DBA}.Release|Any CPU.ActiveCfg = Release|Any CPU
		{361C6285-19FC-483A-970D-40E314B62DBA}.Release|Any CPU.Build.0 = Release|Any CPU
		{E9413DFB-95F4-44A1-A5AB-CB4C07A6285A}.Debug|Any CPU.ActiveCfg = Debug|Any CPU
		{E9413DFB-95F4-44A1-A5AB-CB4C07A6285A}.Debug|Any CPU.Build.0 = Debug|Any CPU
		{E9413DFB-95F4-44A1-A5AB-CB4C07A6285A}.Release|Any CPU.ActiveCfg = Release|Any CPU
		{E9413DFB-95F4-44A1-A5AB-CB4C07A6285A}.Release|Any CPU.Build.0 = Release|Any CPU
		{ED7B4FE5-B973-4ADA-8A13-E478C9FB61E0}.Debug|Any CPU.ActiveCfg = Debug|Any CPU
		{ED7B4FE5-B973-4ADA-8A13-E478C9FB61E0}.Debug|Any CPU.Build.0 = Debug|Any CPU
		{ED7B4FE5-B973-4ADA-8A13-E478C9FB61E0}.Release|Any CPU.ActiveCfg = Release|Any CPU
		{ED7B4FE5-B973-4ADA-8A13-E478C9FB61E0}.Release|Any CPU.Build.0 = Release|Any CPU
		{7361621E-B825-4A59-AF81-0C8F8BB37AD9}.Debug|Any CPU.ActiveCfg = Debug|Any CPU
		{7361621E-B825-4A59-AF81-0C8F8BB37AD9}.Debug|Any CPU.Build.0 = Debug|Any CPU
		{7361621E-B825-4A59-AF81-0C8F8BB37AD9}.Release|Any CPU.ActiveCfg = Release|Any CPU
		{7361621E-B825-4A59-AF81-0C8F8BB37AD9}.Release|Any CPU.Build.0 = Release|Any CPU
		{590873FA-0AB6-49CE-863B-EDB51672618B}.Debug|Any CPU.ActiveCfg = Debug|Any CPU
		{590873FA-0AB6-49CE-863B-EDB51672618B}.Debug|Any CPU.Build.0 = Debug|Any CPU
		{590873FA-0AB6-49CE-863B-EDB51672618B}.Release|Any CPU.ActiveCfg = Release|Any CPU
		{590873FA-0AB6-49CE-863B-EDB51672618B}.Release|Any CPU.Build.0 = Release|Any CPU
	EndGlobalSection
	GlobalSection(SolutionProperties) = preSolution
		HideSolutionNode = FALSE
	EndGlobalSection
	GlobalSection(ExtensibilityGlobals) = postSolution
		SolutionGuid = {402F928A-2D23-48C6-A032-E46F9BDAA375}
	EndGlobalSection
	GlobalSection(NestedProjects) = preSolution
		{590873FA-0AB6-49CE-863B-EDB51672618B} = {1C107E47-5F5A-4A28-B6EB-8D1A0D7DFF41}
	EndGlobalSection
EndGlobal
